
Microsoft Visual Studio Solution File, Format Version 12.00
# Visual Studio 15
VisualStudioVersion = 15.0.26730.12
MinimumVisualStudioVersion = 10.0.40219.1
Project("{FAE04EC0-301F-11D3-BF4B-00C04F79EFBC}") = "HelloWorld", "HelloWorld\HelloWorld.csproj", "{5EFBD4A8-BC5D-47A4-A5FD-62A1C1E79781}"
EndProject
Global
	GlobalSection(SolutionConfigurationPlatforms) = preSolution
		Debug|Any CPU = Debug|Any CPU
		Release|Any CPU = Release|Any CPU
	EndGlobalSection
	GlobalSection(ProjectConfigurationPlatforms) = postSolution
		{5EFBD4A8-BC5D-47A4-A5FD-62A1C1E79781}.Debug|Any CPU.ActiveCfg = Debug|Any CPU
		{5EFBD4A8-BC5D-47A4-A5FD-62A1C1E79781}.Debug|Any CPU.Build.0 = Debug|Any CPU
		{5EFBD4A8-BC5D-47A4-A5FD-62A1C1E79781}.Release|Any CPU.ActiveCfg = Release|Any CPU
		{5EFBD4A8-BC5D-47A4-A5FD-62A1C1E79781}.Release|Any CPU.Build.0 = Release|Any CPU
	EndGlobalSection
	GlobalSection(SolutionProperties) = preSolution
		HideSolutionNode = FALSE
	EndGlobalSection
	GlobalSection(ExtensibilityGlobals) = postSolution
		SolutionGuid = {8BA99616-02D5-481A-802E-04C056EAAE17}
	EndGlobalSection
EndGlobal
